
Microsoft Visual Studio Solution File, Format Version 12.00
# Visual Studio Version 17
VisualStudioVersion = 17.2.32616.157
MinimumVisualStudioVersion = 10.0.40219.1
Project("{FAE04EC0-301F-11D3-BF4B-00C04F79EFBC}") = "MethodOverloading", "MethodOverloading\MethodOverloading.csproj", "{F4C7F22A-13B0-46E1-B66C-AB9C2204F7B5}"
EndProject
Global
	GlobalSection(SolutionConfigurationPlatforms) = preSolution
		Debug|Any CPU = Debug|Any CPU
		Release|Any CPU = Release|Any CPU
	EndGlobalSection
	GlobalSection(ProjectConfigurationPlatforms) = postSolution
		{F4C7F22A-13B0-46E1-B66C-AB9C2204F7B5}.Debug|Any CPU.ActiveCfg = Debug|Any CPU
		{F4C7F22A-13B0-46E1-B66C-AB9C2204F7B5}.Debug|Any CPU.Build.0 = Debug|Any CPU
		{F4C7F22A-13B0-46E1-B66C-AB9C2204F7B5}.Release|Any CPU.ActiveCfg = Release|Any CPU
		{F4C7F22A-13B0-46E1-B66C-AB9C2204F7B5}.Release|Any CPU.Build.0 = Release|Any CPU
	EndGlobalSection
	GlobalSection(SolutionProperties) = preSolution
		HideSolutionNode = FALSE
	EndGlobalSection
	GlobalSection(ExtensibilityGlobals) = postSolution
		SolutionGuid = {7090135B-6E3C-4A8F-84CF-B9D171B2C6C9}
	EndGlobalSection
EndGlobal
